
Microsoft Visual Studio Solution File, Format Version 12.00
# Visual Studio 15
VisualStudioVersion = 15.0.28307.645
MinimumVisualStudioVersion = 10.0.40219.1
Project("{FAE04EC0-301F-11D3-BF4B-00C04F79EFBC}") = "Ex16.Groups", "Ex16.Groups\Ex16.Groups.csproj", "{4AB77938-BFA5-4CDD-AD2F-6E461F0566F5}"
EndProject
Global
	GlobalSection(SolutionConfigurationPlatforms) = preSolution
		Debug|Any CPU = Debug|Any CPU
		Release|Any CPU = Release|Any CPU
	EndGlobalSection
	GlobalSection(ProjectConfigurationPlatforms) = postSolution
		{4AB77938-BFA5-4CDD-AD2F-6E461F0566F5}.Debug|Any CPU.ActiveCfg = Debug|Any CPU
		{4AB77938-BFA5-4CDD-AD2F-6E461F0566F5}.Debug|Any CPU.Build.0 = Debug|Any CPU
		{4AB77938-BFA5-4CDD-AD2F-6E461F0566F5}.Release|Any CPU.ActiveCfg = Release|Any CPU
		{4AB77938-BFA5-4CDD-AD2F-6E461F0566F5}.Release|Any CPU.Build.0 = Release|Any CPU
	EndGlobalSection
	GlobalSection(SolutionProperties) = preSolution
		HideSolutionNode = FALSE
	EndGlobalSection
	GlobalSection(ExtensibilityGlobals) = postSolution
		SolutionGuid = {099C875C-F5E4-4C4E-8EE6-84EF2893FE95}
	EndGlobalSection
EndGlobal
