
Microsoft Visual Studio Solution File, Format Version 12.00
# Visual Studio 15
VisualStudioVersion = 15.0.28307.572
MinimumVisualStudioVersion = 10.0.40219.1
Project("{FAE04EC0-301F-11D3-BF4B-00C04F79EFBC}") = "Ex17.LongestString", "Ex17.LongestString\Ex17.LongestString.csproj", "{99B948FA-1272-477C-8740-D5F8F39CF054}"
EndProject
Global
	GlobalSection(SolutionConfigurationPlatforms) = preSolution
		Debug|Any CPU = Debug|Any CPU
		Release|Any CPU = Release|Any CPU
	EndGlobalSection
	GlobalSection(ProjectConfigurationPlatforms) = postSolution
		{99B948FA-1272-477C-8740-D5F8F39CF054}.Debug|Any CPU.ActiveCfg = Debug|Any CPU
		{99B948FA-1272-477C-8740-D5F8F39CF054}.Debug|Any CPU.Build.0 = Debug|Any CPU
		{99B948FA-1272-477C-8740-D5F8F39CF054}.Release|Any CPU.ActiveCfg = Release|Any CPU
		{99B948FA-1272-477C-8740-D5F8F39CF054}.Release|Any CPU.Build.0 = Release|Any CPU
	EndGlobalSection
	GlobalSection(SolutionProperties) = preSolution
		HideSolutionNode = FALSE
	EndGlobalSection
	GlobalSection(ExtensibilityGlobals) = postSolution
		SolutionGuid = {8D0C31BA-1602-413A-BBD7-07CE94D39205}
	EndGlobalSection
EndGlobal
